# This file is automatically @generated by Cargo.
# It is not intended for manual editing.
version = 3

[[package]]
name = "proc-macro2"
version = "1.0.58"
source = "registry+https://github.com/rust-lang/crates.io-index"
checksum = "fa1fb82fc0c281dd9671101b66b771ebbe1eaf967b96ac8740dcba4b70005ca8"
dependencies = [
 "unicode-ident",
]

[[package]]
name = "quote"
version = "1.0.27"
source = "registry+https://github.com/rust-lang/crates.io-index"
checksum = "8f4f29d145265ec1c483c7c654450edde0bfe043d3938d6972630663356d9500"
dependencies = [
 "proc-macro2",
]

[[package]]
name = "syn"
version = "1.0.109"
source = "registry+https://github.com/rust-lang/crates.io-index"
checksum = "72b64191b275b66ffe2469e8af2c1cfe3bafa67b529ead792a6d0160888b4237"
dependencies = [
 "proc-macro2",
 "quote",
 "unicode-ident",
]

[[package]]
name = "unicode-ident"
version = "1.0.8"
source = "registry+https://github.com/rust-lang/crates.io-index"
checksum = "e5464a87b239f13a63a501f2701565754bae92d243d4bb7eb12f6d57d2269bf4"

[[package]]
name = "windows"
version = "0.37.0"
source = "registry+https://github.com/rust-lang/crates.io-index"
checksum = "57b543186b344cc61c85b5aab0d2e3adf4e0f99bc076eff9aa5927bcc0b8a647"
dependencies = [
 "windows-implement",
 "windows_aarch64_msvc",
 "windows_i686_gnu",
 "windows_i686_msvc",
 "windows_x86_64_gnu",
 "windows_x86_64_msvc",
]

[[package]]
name = "windows-app"
version = "0.5.0"
source = "git+https://github.com/microsoft/windows-app-rs#52afa56f582e84601b69237431239b5b3ac1c071"
dependencies = [
 "windows",
 "windows_app_aarch64_msvc",
 "windows_app_i686_gnu",
 "windows_app_i686_msvc",
 "windows_app_x86_64_gnu",
 "windows_app_x86_64_msvc",
]

[[package]]
name = "windows-implement"
version = "0.37.0"
source = "registry+https://github.com/rust-lang/crates.io-index"
checksum = "67a1062e555f7d9d66fd1130ed4f7c6ec41a47529ee0850cd0e926d95b26bb14"
dependencies = [
 "syn",
 "windows-tokens",
]

[[package]]
name = "windows-tokens"
version = "0.37.0"
source = "registry+https://github.com/rust-lang/crates.io-index"
checksum = "3263d25f1170419995b78ff10c06b949e8a986c35c208dc24333c64753a87169"

[[package]]
name = "windows_aarch64_msvc"
version = "0.37.0"
source = "registry+https://github.com/rust-lang/crates.io-index"
checksum = "2623277cb2d1c216ba3b578c0f3cf9cdebeddb6e66b1b218bb33596ea7769c3a"

[[package]]
name = "windows_app_aarch64_msvc"
version = "0.5.0"
source = "git+https://github.com/microsoft/windows-app-rs#52afa56f582e84601b69237431239b5b3ac1c071"

[[package]]
name = "windows_app_i686_gnu"
version = "0.5.0"
source = "git+https://github.com/microsoft/windows-app-rs#52afa56f582e84601b69237431239b5b3ac1c071"

[[package]]
name = "windows_app_i686_msvc"
version = "0.5.0"
source = "git+https://github.com/microsoft/windows-app-rs#52afa56f582e84601b69237431239b5b3ac1c071"

[[package]]
name = "windows_app_x86_64_gnu"
version = "0.5.0"
source = "git+https://github.com/microsoft/windows-app-rs#52afa56f582e84601b69237431239b5b3ac1c071"

[[package]]
name = "windows_app_x86_64_msvc"
version = "0.5.0"
source = "git+https://github.com/microsoft/windows-app-rs#52afa56f582e84601b69237431239b5b3ac1c071"

[[package]]
name = "windows_i686_gnu"
version = "0.37.0"
source = "registry+https://github.com/rust-lang/crates.io-index"
checksum = "d3925fd0b0b804730d44d4b6278c50f9699703ec49bcd628020f46f4ba07d9e1"

[[package]]
name = "windows_i686_msvc"
version = "0.37.0"
source = "registry+https://github.com/rust-lang/crates.io-index"
checksum = "ce907ac74fe331b524c1298683efbf598bb031bc84d5e274db2083696d07c57c"

[[package]]
name = "windows_x86_64_gnu"
version = "0.37.0"
source = "registry+https://github.com/rust-lang/crates.io-index"
checksum = "2babfba0828f2e6b32457d5341427dcbb577ceef556273229959ac23a10af33d"

[[package]]
name = "windows_x86_64_msvc"
version = "0.37.0"
source = "registry+https://github.com/rust-lang/crates.io-index"
checksum = "f4dd6dc7df2d84cf7b33822ed5b86318fb1781948e9663bacd047fc9dd52259d"

[[package]]
name = "winui"
version = "0.1.0"
dependencies = [
 "windows",
 "windows-app",
]
